{
    "_readme": [
        "This file locks the dependencies of your project to a known state",
        "Read more about it at https://getcomposer.org/doc/01-basic-usage.md#installing-dependencies",
        "This file is @generated automatically"
    ],
    "content-hash": "cebc52ede2cd017a448d9f594e746f9f",
    "packages": [
        {
            "name": "lazzard/php-ftp-client",
            "version": "dev-master",
            "source": {
                "type": "git",
                "url": "https://github.com/lazzard/php-ftp-client.git",
                "reference": "bd25b9db8f8ced28ac4c71f0fa6f9c902059a0a4"
            },
            "dist": {
                "type": "zip",
                "url": "https://api.github.com/repos/lazzard/php-ftp-client/zipball/bd25b9db8f8ced28ac4c71f0fa6f9c902059a0a4",
                "reference": "bd25b9db8f8ced28ac4c71f0fa6f9c902059a0a4",
                "shasum": ""
            },
            "require": {
                "php": ">=5.5.0"
            },
            "require-dev": {
                "phpunit/phpunit": "^4"
            },
            "type": "library",
            "autoload": {
                "psr-4": {
                    "Lazzard\\FtpClient\\": "src/"
                }
            },
            "notification-url": "https://packagist.org/downloads/",
            "license": [
                "MIT"
            ],
            "authors": [
                {
                    "name": "El Amrani Chakir",
                    "email": "elamrani.sv.laza@gmail.com",
                    "homepage": "https://github.com/ELAMRANI744"
                }
            ],
            "description": "A fully object-oriented library to the PHP FTP extension plus extra features.",
            "keywords": [
                "ftp",
                "ftp-client",
                "ftp-library"
            ],
            "time": "2020-06-15T05:58:34+00:00"
        }
    ],
    "packages-dev": [],
    "aliases": [],
    "minimum-stability": "dev",
    "stability-flags": {
        "lazzard/php-ftp-client": 20
    },
    "prefer-stable": false,
    "prefer-lowest": false,
    "platform": [],
    "platform-dev": [],
    "plugin-api-version": "1.1.0"
}
